// !$*UTF8*$!
{
	archiveVersion = 1;
	classes = {
	};
	objectVersion = 46;
	objects = {

/* Begin PBXBuildFile section */
		215550EBC1647E8DE4F792BB /* libPods.a in Frameworks */ = {isa = PBXBuildFile; fileRef = 9E8ECBE8B2E3D81B32599EE4 /* libPods.a */; };
		AE1C6A471B7FE4870064E71C /* AdSupport.framework in Frameworks */ = {isa = PBXBuildFile; fileRef = AE1C6A461B7FE4870064E71C /* AdSupport.framework */; };
		AE1C6A491B7FE48E0064E71C /* AudioToolbox.framework in Frameworks */ = {isa = PBXBuildFile; fileRef = AE1C6A481B7FE48E0064E71C /* AudioToolbox.framework */; };
		AE1C6A4B1B7FE4960064E71C /* AVFoundation.framework in Frameworks */ = {isa = PBXBuildFile; fileRef = AE1C6A4A1B7FE4960064E71C /* AVFoundation.framework */; };
		AE1C6A4D1B7FE49D0064E71C /* CoreGraphics.framework in Frameworks */ = {isa = PBXBuildFile; fileRef = AE1C6A4C1B7FE49D0064E71C /* CoreGraphics.framework */; };
		AE1C6A4F1B7FE4A50064E71C /* CoreMedia.framework in Frameworks */ = {isa = PBXBuildFile; fileRef = AE1C6A4E1B7FE4A50064E71C /* CoreMedia.framework */; };
		AE1C6A511B7FE4AD0064E71C /* CoreTelephony.framework in Frameworks */ = {isa = PBXBuildFile; fileRef = AE1C6A501B7FE4AD0064E71C /* CoreTelephony.framework */; };
		AE1C6A531B7FE4B60064E71C /* EventKit.framework in Frameworks */ = {isa = PBXBuildFile; fileRef = AE1C6A521B7FE4B60064E71C /* EventKit.framework */; };
		AE1C6A551B7FE4BD0064E71C /* EventKitUI.framework in Frameworks */ = {isa = PBXBuildFile; fileRef = AE1C6A541B7FE4BD0064E71C /* EventKitUI.framework */; };
		AE1C6A571B7FE4C30064E71C /* MessageUI.framework in Frameworks */ = {isa = PBXBuildFile; fileRef = AE1C6A561B7FE4C30064E71C /* MessageUI.framework */; };
		AE1C6A5B1B7FE4D50064E71C /* SystemConfiguration.framework in Frameworks */ = {isa = PBXBuildFile; fileRef = AE1C6A5A1B7FE4D50064E71C /* SystemConfiguration.framework */; };
		AE21E6E61B79C229006F4CB6 /* welcome.png in Resources */ = {isa = PBXBuildFile; fileRef = AE21E6E51B79C229006F4CB6 /* welcome.png */; };
		AE21E6EA1B7AAB1D006F4CB6 /* RecordViewController.m in Sources */ = {isa = PBXBuildFile; fileRef = AE21E6E81B7AAB1D006F4CB6 /* RecordViewController.m */; };
		AE21E6EB1B7AAB1D006F4CB6 /* RecordViewController.xib in Resources */ = {isa = PBXBuildFile; fileRef = AE21E6E91B7AAB1D006F4CB6 /* RecordViewController.xib */; };
		AE21E6F11B7ABF0D006F4CB6 /* GameBG.png in Resources */ = {isa = PBXBuildFile; fileRef = AE21E6F01B7ABF0D006F4CB6 /* GameBG.png */; };
		AE2630811B6EA58000A566AE /* main.m in Sources */ = {isa = PBXBuildFile; fileRef = AE2630801B6EA58000A566AE /* main.m */; };
		AE2630841B6EA58000A566AE /* AppDelegate.m in Sources */ = {isa = PBXBuildFile; fileRef = AE2630831B6EA58000A566AE /* AppDelegate.m */; };
		AE26308C1B6EA58000A566AE /* Images.xcassets in Resources */ = {isa = PBXBuildFile; fileRef = AE26308B1B6EA58000A566AE /* Images.xcassets */; };
		AE26309B1B6EA58000A566AE /* NumberMeTests.m in Sources */ = {isa = PBXBuildFile; fileRef = AE26309A1B6EA58000A566AE /* NumberMeTests.m */; };
		AE3E41041B6EC19D001E26FE /* WelcomeViewController.m in Sources */ = {isa = PBXBuildFile; fileRef = AE3E41021B6EC19D001E26FE /* WelcomeViewController.m */; };
		AE3E41101B6ECFD0001E26FE /* GameViewController.m in Sources */ = {isa = PBXBuildFile; fileRef = AE3E410E1B6ECFD0001E26FE /* GameViewController.m */; };
		AE3E41111B6ECFD0001E26FE /* GameViewController.xib in Resources */ = {isa = PBXBuildFile; fileRef = AE3E410F1B6ECFD0001E26FE /* GameViewController.xib */; };
		AE4247971B86F2A50027D9F4 /* recordBG.png in Resources */ = {isa = PBXBuildFile; fileRef = AE4247961B86F2A50027D9F4 /* recordBG.png */; };
		AE4AC8A71B7B2842000D541D /* RWBarChartView.m in Sources */ = {isa = PBXBuildFile; fileRef = AE4AC8A61B7B2842000D541D /* RWBarChartView.m */; };
		AE4C1E711B7C679E00AC1FBF /* WelcomeViewController.xib in Resources */ = {isa = PBXBuildFile; fileRef = AE4C1E701B7C679E00AC1FBF /* WelcomeViewController.xib */; };
		AE6758731B77C24F00F5A93C /* Foundation.framework in Frameworks */ = {isa = PBXBuildFile; fileRef = AE6758721B77C24F00F5A93C /* Foundation.framework */; };
		AE6758751B77C25A00F5A93C /* UIKit.framework in Frameworks */ = {isa = PBXBuildFile; fileRef = AE6758741B77C25A00F5A93C /* UIKit.framework */; };
		AE6758771B77C28100F5A93C /* QuartzCore.framework in Frameworks */ = {isa = PBXBuildFile; fileRef = AE6758761B77C28100F5A93C /* QuartzCore.framework */; };
		AE67587B1B7813F400F5A93C /* AlertViewController.m in Sources */ = {isa = PBXBuildFile; fileRef = AE6758791B7813F400F5A93C /* AlertViewController.m */; };
		AE67587C1B7813F400F5A93C /* AlertViewController.xib in Resources */ = {isa = PBXBuildFile; fileRef = AE67587A1B7813F400F5A93C /* AlertViewController.xib */; };
		AE6E62BD1B7958DC00E0E4E2 /* AlertBG.png in Resources */ = {isa = PBXBuildFile; fileRef = AE6E62BC1B7958DC00E0E4E2 /* AlertBG.png */; };
		AE7E74BC1B746896003E9341 /* JTNumberScrollAnimatedView.m in Sources */ = {isa = PBXBuildFile; fileRef = AE7E74BB1B746896003E9341 /* JTNumberScrollAnimatedView.m */; };
		AE8E22821B756B7E00A298DE /* YETICharacterLabel.m in Sources */ = {isa = PBXBuildFile; fileRef = AE8E22811B756B7E00A298DE /* YETICharacterLabel.m */; };
		AE8E22851B756B8600A298DE /* YETIFadeLabel.m in Sources */ = {isa = PBXBuildFile; fileRef = AE8E22841B756B8600A298DE /* YETIFadeLabel.m */; };
		AE8E22881B756B8D00A298DE /* YETIFallingLabel.m in Sources */ = {isa = PBXBuildFile; fileRef = AE8E22871B756B8D00A298DE /* YETIFallingLabel.m */; };
		AE8E228B1B756B9500A298DE /* YETILayerAnimation.m in Sources */ = {isa = PBXBuildFile; fileRef = AE8E228A1B756B9500A298DE /* YETILayerAnimation.m */; };
		AE8E228E1B756B9B00A298DE /* YETIMotionLabel.m in Sources */ = {isa = PBXBuildFile; fileRef = AE8E228D1B756B9B00A298DE /* YETIMotionLabel.m */; };
		AE8E22911B76AE7E00A298DE /* guessGame.m in Sources */ = {isa = PBXBuildFile; fileRef = AE8E22901B76AE7E00A298DE /* guessGame.m */; };
		AE90F88A1B7DAEE10039F75E /* icon.png in Resources */ = {isa = PBXBuildFile; fileRef = AE90F8891B7DAEE10039F75E /* icon.png */; };
		AE9D118C1B8570B800A36953 /* SettingViewController.m in Sources */ = {isa = PBXBuildFile; fileRef = AE9D118A1B8570B800A36953 /* SettingViewController.m */; };
		AE9D118D1B8570B800A36953 /* SettingViewController.xib in Resources */ = {isa = PBXBuildFile; fileRef = AE9D118B1B8570B800A36953 /* SettingViewController.xib */; };
		AEAF5AB21B88336100D295A8 /* NUDialChart.m in Sources */ = {isa = PBXBuildFile; fileRef = AEAF5AAD1B88336100D295A8 /* NUDialChart.m */; };
		AEAF5AB31B88336100D295A8 /* UICountingLabel.m in Sources */ = {isa = PBXBuildFile; fileRef = AEAF5AAF1B88336100D295A8 /* UICountingLabel.m */; };
		AEAF5AB41B88336100D295A8 /* XMCircleTypeView.m in Sources */ = {isa = PBXBuildFile; fileRef = AEAF5AB11B88336100D295A8 /* XMCircleTypeView.m */; };
		AEAF5AB71B8833D400D295A8 /* PNCircleChart.m in Sources */ = {isa = PBXBuildFile; fileRef = AEAF5AB61B8833D400D295A8 /* PNCircleChart.m */; };
		AEAF5ABA1B8833E500D295A8 /* PNColor.m in Sources */ = {isa = PBXBuildFile; fileRef = AEAF5AB91B8833E500D295A8 /* PNColor.m */; };
		AEEA93801B87A3FC0004265F /* DOPScrollableActionSheet.m in Sources */ = {isa = PBXBuildFile; fileRef = AEEA937F1B87A3FC0004265F /* DOPScrollableActionSheet.m */; };
		AEF8FA961B7C458800607CB3 /* Localizable.strings in Resources */ = {isa = PBXBuildFile; fileRef = AEF8FA981B7C458800607CB3 /* Localizable.strings */; };
		AEFB78ED1B81916E005DEE30 /* GameModeSelectionView.m in Sources */ = {isa = PBXBuildFile; fileRef = AEFB78EC1B81916E005DEE30 /* GameModeSelectionView.m */; };
		AEFB78F41B829072005DEE30 /* continueGame.png in Resources */ = {isa = PBXBuildFile; fileRef = AEFB78F21B829072005DEE30 /* continueGame.png */; };
		AEFB78F51B829072005DEE30 /* normalGame.png in Resources */ = {isa = PBXBuildFile; fileRef = AEFB78F31B829072005DEE30 /* normalGame.png */; };
/* End PBXBuildFile section */

/* Begin PBXContainerItemProxy section */
		AE2630951B6EA58000A566AE /* PBXContainerItemProxy */ = {
			isa = PBXContainerItemProxy;
			containerPortal = AE2630731B6EA58000A566AE /* Project object */;
			proxyType = 1;
			remoteGlobalIDString = AE26307A1B6EA58000A566AE;
			remoteInfo = NumberMe;
		};
/* End PBXContainerItemProxy section */

/* Begin PBXFileReference section */
		9E8ECBE8B2E3D81B32599EE4 /* libPods.a */ = {isa = PBXFileReference; explicitFileType = archive.ar; includeInIndex = 0; path = libPods.a; sourceTree = BUILT_PRODUCTS_DIR; };
		AE1C6A461B7FE4870064E71C /* AdSupport.framework */ = {isa = PBXFileReference; lastKnownFileType = wrapper.framework; name = AdSupport.framework; path = System/Library/Frameworks/AdSupport.framework; sourceTree = SDKROOT; };
		AE1C6A481B7FE48E0064E71C /* AudioToolbox.framework */ = {isa = PBXFileReference; lastKnownFileType = wrapper.framework; name = AudioToolbox.framework; path = System/Library/Frameworks/AudioToolbox.framework; sourceTree = SDKROOT; };
		AE1C6A4A1B7FE4960064E71C /* AVFoundation.framework */ = {isa = PBXFileReference; lastKnownFileType = wrapper.framework; name = AVFoundation.framework; path = System/Library/Frameworks/AVFoundation.framework; sourceTree = SDKROOT; };
		AE1C6A4C1B7FE49D0064E71C /* CoreGraphics.framework */ = {isa = PBXFileReference; lastKnownFileType = wrapper.framework; name = CoreGraphics.framework; path = System/Library/Frameworks/CoreGraphics.framework; sourceTree = SDKROOT; };
		AE1C6A4E1B7FE4A50064E71C /* CoreMedia.framework */ = {isa = PBXFileReference; lastKnownFileType = wrapper.framework; name = CoreMedia.framework; path = System/Library/Frameworks/CoreMedia.framework; sourceTree = SDKROOT; };
		AE1C6A501B7FE4AD0064E71C /* CoreTelephony.framework */ = {isa = PBXFileReference; lastKnownFileType = wrapper.framework; name = CoreTelephony.framework; path = System/Library/Frameworks/CoreTelephony.framework; sourceTree = SDKROOT; };
		AE1C6A521B7FE4B60064E71C /* EventKit.framework */ = {isa = PBXFileReference; lastKnownFileType = wrapper.framework; name = EventKit.framework; path = System/Library/Frameworks/EventKit.framework; sourceTree = SDKROOT; };
		AE1C6A541B7FE4BD0064E71C /* EventKitUI.framework */ = {isa = PBXFileReference; lastKnownFileType = wrapper.framework; name = EventKitUI.framework; path = System/Library/Frameworks/EventKitUI.framework; sourceTree = SDKROOT; };
		AE1C6A561B7FE4C30064E71C /* MessageUI.framework */ = {isa = PBXFileReference; lastKnownFileType = wrapper.framework; name = MessageUI.framework; path = System/Library/Frameworks/MessageUI.framework; sourceTree = SDKROOT; };
		AE1C6A5A1B7FE4D50064E71C /* SystemConfiguration.framework */ = {isa = PBXFileReference; lastKnownFileType = wrapper.framework; name = SystemConfiguration.framework; path = System/Library/Frameworks/SystemConfiguration.framework; sourceTree = SDKROOT; };
		AE21E6E51B79C229006F4CB6 /* welcome.png */ = {isa = PBXFileReference; lastKnownFileType = image.png; path = welcome.png; sourceTree = "<group>"; };
		AE21E6E71B7AAB1D006F4CB6 /* RecordViewController.h */ = {isa = PBXFileReference; fileEncoding = 4; lastKnownFileType = sourcecode.c.h; name = RecordViewController.h; path = VCs/RecordViewController.h; sourceTree = "<group>"; };
		AE21E6E81B7AAB1D006F4CB6 /* RecordViewController.m */ = {isa = PBXFileReference; fileEncoding = 4; lastKnownFileType = sourcecode.c.objc; name = RecordViewController.m; path = VCs/RecordViewController.m; sourceTree = "<group>"; };
		AE21E6E91B7AAB1D006F4CB6 /* RecordViewController.xib */ = {isa = PBXFileReference; fileEncoding = 4; lastKnownFileType = file.xib; name = RecordViewController.xib; path = VCs/RecordViewController.xib; sourceTree = "<group>"; };
		AE21E6F01B7ABF0D006F4CB6 /* GameBG.png */ = {isa = PBXFileReference; lastKnownFileType = image.png; path = GameBG.png; sourceTree = "<group>"; };
		AE26307B1B6EA58000A566AE /* NumberMe.app */ = {isa = PBXFileReference; explicitFileType = wrapper.application; includeInIndex = 0; path = NumberMe.app; sourceTree = BUILT_PRODUCTS_DIR; };
		AE26307F1B6EA58000A566AE /* Info.plist */ = {isa = PBXFileReference; lastKnownFileType = text.plist.xml; path = Info.plist; sourceTree = "<group>"; };
		AE2630801B6EA58000A566AE /* main.m */ = {isa = PBXFileReference; lastKnownFileType = sourcecode.c.objc; path = main.m; sourceTree = "<group>"; };
		AE2630821B6EA58000A566AE /* AppDelegate.h */ = {isa = PBXFileReference; lastKnownFileType = sourcecode.c.h; path = AppDelegate.h; sourceTree = "<group>"; };
		AE2630831B6EA58000A566AE /* AppDelegate.m */ = {isa = PBXFileReference; lastKnownFileType = sourcecode.c.objc; path = AppDelegate.m; sourceTree = "<group>"; };
		AE26308B1B6EA58000A566AE /* Images.xcassets */ = {isa = PBXFileReference; lastKnownFileType = folder.assetcatalog; path = Images.xcassets; sourceTree = "<group>"; };
		AE2630941B6EA58000A566AE /* NumberMeTests.xctest */ = {isa = PBXFileReference; explicitFileType = wrapper.cfbundle; includeInIndex = 0; path = NumberMeTests.xctest; sourceTree = BUILT_PRODUCTS_DIR; };
		AE2630991B6EA58000A566AE /* Info.plist */ = {isa = PBXFileReference; lastKnownFileType = text.plist.xml; path = Info.plist; sourceTree = "<group>"; };
		AE26309A1B6EA58000A566AE /* NumberMeTests.m */ = {isa = PBXFileReference; lastKnownFileType = sourcecode.c.objc; path = NumberMeTests.m; sourceTree = "<group>"; };
		AE3E41011B6EC19D001E26FE /* WelcomeViewController.h */ = {isa = PBXFileReference; fileEncoding = 4; lastKnownFileType = sourcecode.c.h; path = WelcomeViewController.h; sourceTree = "<group>"; };
		AE3E41021B6EC19D001E26FE /* WelcomeViewController.m */ = {isa = PBXFileReference; fileEncoding = 4; lastKnownFileType = sourcecode.c.objc; path = WelcomeViewController.m; sourceTree = "<group>"; };
		AE3E410D1B6ECFD0001E26FE /* GameViewController.h */ = {isa = PBXFileReference; fileEncoding = 4; lastKnownFileType = sourcecode.c.h; name = GameViewController.h; path = VCs/GameViewController.h; sourceTree = "<group>"; };
		AE3E410E1B6ECFD0001E26FE /* GameViewController.m */ = {isa = PBXFileReference; fileEncoding = 4; lastKnownFileType = sourcecode.c.objc; name = GameViewController.m; path = VCs/GameViewController.m; sourceTree = "<group>"; };
		AE3E410F1B6ECFD0001E26FE /* GameViewController.xib */ = {isa = PBXFileReference; fileEncoding = 4; lastKnownFileType = file.xib; name = GameViewController.xib; path = VCs/GameViewController.xib; sourceTree = "<group>"; };
		AE3E41121B6F2B06001E26FE /* CommonDefine.h */ = {isa = PBXFileReference; lastKnownFileType = sourcecode.c.h; path = CommonDefine.h; sourceTree = "<group>"; };
		AE3E41131B6F2BA7001E26FE /* NumberMe-Prefix.pch */ = {isa = PBXFileReference; lastKnownFileType = sourcecode.c.h; path = "NumberMe-Prefix.pch"; sourceTree = SOURCE_ROOT; };
		AE4247961B86F2A50027D9F4 /* recordBG.png */ = {isa = PBXFileReference; lastKnownFileType = image.png; path = recordBG.png; sourceTree = "<group>"; };
		AE4AC8A51B7B2842000D541D /* RWBarChartView.h */ = {isa = PBXFileReference; fileEncoding = 4; lastKnownFileType = sourcecode.c.h; path = RWBarChartView.h; sourceTree = "<group>"; };
		AE4AC8A61B7B2842000D541D /* RWBarChartView.m */ = {isa = PBXFileReference; fileEncoding = 4; lastKnownFileType = sourcecode.c.objc; path = RWBarChartView.m; sourceTree = "<group>"; };
		AE4C1E701B7C679E00AC1FBF /* WelcomeViewController.xib */ = {isa = PBXFileReference; fileEncoding = 4; lastKnownFileType = file.xib; path = WelcomeViewController.xib; sourceTree = "<group>"; };
		AE6758721B77C24F00F5A93C /* Foundation.framework */ = {isa = PBXFileReference; lastKnownFileType = wrapper.framework; name = Foundation.framework; path = System/Library/Frameworks/Foundation.framework; sourceTree = SDKROOT; };
		AE6758741B77C25A00F5A93C /* UIKit.framework */ = {isa = PBXFileReference; lastKnownFileType = wrapper.framework; name = UIKit.framework; path = System/Library/Frameworks/UIKit.framework; sourceTree = SDKROOT; };
		AE6758761B77C28100F5A93C /* QuartzCore.framework */ = {isa = PBXFileReference; lastKnownFileType = wrapper.framework; name = QuartzCore.framework; path = System/Library/Frameworks/QuartzCore.framework; sourceTree = SDKROOT; };
		AE6758781B7813F400F5A93C /* AlertViewController.h */ = {isa = PBXFileReference; fileEncoding = 4; lastKnownFileType = sourcecode.c.h; name = AlertViewController.h; path = VCs/AlertViewController.h; sourceTree = "<group>"; };
		AE6758791B7813F400F5A93C /* AlertViewController.m */ = {isa = PBXFileReference; fileEncoding = 4; lastKnownFileType = sourcecode.c.objc; name = AlertViewController.m; path = VCs/AlertViewController.m; sourceTree = "<group>"; };
		AE67587A1B7813F400F5A93C /* AlertViewController.xib */ = {isa = PBXFileReference; fileEncoding = 4; lastKnownFileType = file.xib; name = AlertViewController.xib; path = VCs/AlertViewController.xib; sourceTree = "<group>"; };
		AE6E62BC1B7958DC00E0E4E2 /* AlertBG.png */ = {isa = PBXFileReference; lastKnownFileType = image.png; path = AlertBG.png; sourceTree = "<group>"; };
		AE7E74BA1B746896003E9341 /* JTNumberScrollAnimatedView.h */ = {isa = PBXFileReference; fileEncoding = 4; lastKnownFileType = sourcecode.c.h; path = JTNumberScrollAnimatedView.h; sourceTree = "<group>"; };
		AE7E74BB1B746896003E9341 /* JTNumberScrollAnimatedView.m */ = {isa = PBXFileReference; fileEncoding = 4; lastKnownFileType = sourcecode.c.objc; path = JTNumberScrollAnimatedView.m; sourceTree = "<group>"; };
		AE8E22801B756B7E00A298DE /* YETICharacterLabel.h */ = {isa = PBXFileReference; fileEncoding = 4; lastKnownFileType = sourcecode.c.h; path = YETICharacterLabel.h; sourceTree = "<group>"; };
		AE8E22811B756B7E00A298DE /* YETICharacterLabel.m */ = {isa = PBXFileReference; fileEncoding = 4; lastKnownFileType = sourcecode.c.objc; path = YETICharacterLabel.m; sourceTree = "<group>"; };
		AE8E22831B756B8600A298DE /* YETIFadeLabel.h */ = {isa = PBXFileReference; fileEncoding = 4; lastKnownFileType = sourcecode.c.h; path = YETIFadeLabel.h; sourceTree = "<group>"; };
		AE8E22841B756B8600A298DE /* YETIFadeLabel.m */ = {isa = PBXFileReference; fileEncoding = 4; lastKnownFileType = sourcecode.c.objc; path = YETIFadeLabel.m; sourceTree = "<group>"; };
		AE8E22861B756B8D00A298DE /* YETIFallingLabel.h */ = {isa = PBXFileReference; fileEncoding = 4; lastKnownFileType = sourcecode.c.h; path = YETIFallingLabel.h; sourceTree = "<group>"; };
		AE8E22871B756B8D00A298DE /* YETIFallingLabel.m */ = {isa = PBXFileReference; fileEncoding = 4; lastKnownFileType = sourcecode.c.objc; path = YETIFallingLabel.m; sourceTree = "<group>"; };
		AE8E22891B756B9500A298DE /* YETILayerAnimation.h */ = {isa = PBXFileReference; fileEncoding = 4; lastKnownFileType = sourcecode.c.h; path = YETILayerAnimation.h; sourceTree = "<group>"; };
		AE8E228A1B756B9500A298DE /* YETILayerAnimation.m */ = {isa = PBXFileReference; fileEncoding = 4; lastKnownFileType = sourcecode.c.objc; path = YETILayerAnimation.m; sourceTree = "<group>"; };
		AE8E228C1B756B9B00A298DE /* YETIMotionLabel.h */ = {isa = PBXFileReference; fileEncoding = 4; lastKnownFileType = sourcecode.c.h; path = YETIMotionLabel.h; sourceTree = "<group>"; };
		AE8E228D1B756B9B00A298DE /* YETIMotionLabel.m */ = {isa = PBXFileReference; fileEncoding = 4; lastKnownFileType = sourcecode.c.objc; path = YETIMotionLabel.m; sourceTree = "<group>"; };
		AE8E228F1B76AE7E00A298DE /* guessGame.h */ = {isa = PBXFileReference; fileEncoding = 4; lastKnownFileType = sourcecode.c.h; name = guessGame.h; path = Model/guessGame.h; sourceTree = "<group>"; };
		AE8E22901B76AE7E00A298DE /* guessGame.m */ = {isa = PBXFileReference; fileEncoding = 4; lastKnownFileType = sourcecode.c.objc; name = guessGame.m; path = Model/guessGame.m; sourceTree = "<group>"; };
		AE90F8891B7DAEE10039F75E /* icon.png */ = {isa = PBXFileReference; lastKnownFileType = image.png; path = icon.png; sourceTree = "<group>"; };
		AE9D11891B8570B800A36953 /* SettingViewController.h */ = {isa = PBXFileReference; fileEncoding = 4; lastKnownFileType = sourcecode.c.h; name = SettingViewController.h; path = VCs/SettingViewController.h; sourceTree = "<group>"; };
		AE9D118A1B8570B800A36953 /* SettingViewController.m */ = {isa = PBXFileReference; fileEncoding = 4; lastKnownFileType = sourcecode.c.objc; name = SettingViewController.m; path = VCs/SettingViewController.m; sourceTree = "<group>"; };
		AE9D118B1B8570B800A36953 /* SettingViewController.xib */ = {isa = PBXFileReference; fileEncoding = 4; lastKnownFileType = file.xib; name = SettingViewController.xib; path = VCs/SettingViewController.xib; sourceTree = "<group>"; };
		AEAF5AAC1B88336100D295A8 /* NUDialChart.h */ = {isa = PBXFileReference; fileEncoding = 4; lastKnownFileType = sourcecode.c.h; path = NUDialChart.h; sourceTree = "<group>"; };
		AEAF5AAD1B88336100D295A8 /* NUDialChart.m */ = {isa = PBXFileReference; fileEncoding = 4; lastKnownFileType = sourcecode.c.objc; path = NUDialChart.m; sourceTree = "<group>"; };
		AEAF5AAE1B88336100D295A8 /* UICountingLabel.h */ = {isa = PBXFileReference; fileEncoding = 4; lastKnownFileType = sourcecode.c.h; path = UICountingLabel.h; sourceTree = "<group>"; };
		AEAF5AAF1B88336100D295A8 /* UICountingLabel.m */ = {isa = PBXFileReference; fileEncoding = 4; lastKnownFileType = sourcecode.c.objc; path = UICountingLabel.m; sourceTree = "<group>"; };
		AEAF5AB01B88336100D295A8 /* XMCircleTypeView.h */ = {isa = PBXFileReference; fileEncoding = 4; lastKnownFileType = sourcecode.c.h; path = XMCircleTypeView.h; sourceTree = "<group>"; };
		AEAF5AB11B88336100D295A8 /* XMCircleTypeView.m */ = {isa = PBXFileReference; fileEncoding = 4; lastKnownFileType = sourcecode.c.objc; path = XMCircleTypeView.m; sourceTree = "<group>"; };
		AEAF5AB51B8833D400D295A8 /* PNCircleChart.h */ = {isa = PBXFileReference; fileEncoding = 4; lastKnownFileType = sourcecode.c.h; path = PNCircleChart.h; sourceTree = "<group>"; };
		AEAF5AB61B8833D400D295A8 /* PNCircleChart.m */ = {isa = PBXFileReference; fileEncoding = 4; lastKnownFileType = sourcecode.c.objc; path = PNCircleChart.m; sourceTree = "<group>"; };
		AEAF5AB81B8833E500D295A8 /* PNColor.h */ = {isa = PBXFileReference; fileEncoding = 4; lastKnownFileType = sourcecode.c.h; path = PNColor.h; sourceTree = "<group>"; };
		AEAF5AB91B8833E500D295A8 /* PNColor.m */ = {isa = PBXFileReference; fileEncoding = 4; lastKnownFileType = sourcecode.c.objc; path = PNColor.m; sourceTree = "<group>"; };
		AEAF5ABB1B88340000D295A8 /* NuweDefine.h */ = {isa = PBXFileReference; lastKnownFileType = sourcecode.c.h; path = NuweDefine.h; sourceTree = "<group>"; };
		AEEA937E1B87A3FC0004265F /* DOPScrollableActionSheet.h */ = {isa = PBXFileReference; fileEncoding = 4; lastKnownFileType = sourcecode.c.h; path = DOPScrollableActionSheet.h; sourceTree = "<group>"; };
		AEEA937F1B87A3FC0004265F /* DOPScrollableActionSheet.m */ = {isa = PBXFileReference; fileEncoding = 4; lastKnownFileType = sourcecode.c.objc; path = DOPScrollableActionSheet.m; sourceTree = "<group>"; };
		AEF27D6F1B7D0A1800A4AD5B /* iAd.framework */ = {isa = PBXFileReference; lastKnownFileType = wrapper.framework; name = iAd.framework; path = System/Library/Frameworks/iAd.framework; sourceTree = SDKROOT; };
		AEF8FA971B7C458800607CB3 /* en */ = {isa = PBXFileReference; lastKnownFileType = text.plist.strings; name = en; path = en.lproj/Localizable.strings; sourceTree = "<group>"; };
		AEF8FA991B7C458C00607CB3 /* zh-Hans */ = {isa = PBXFileReference; lastKnownFileType = text.plist.strings; name = "zh-Hans"; path = "zh-Hans.lproj/Localizable.strings"; sourceTree = "<group>"; };
		AEFB78EB1B81916E005DEE30 /* GameModeSelectionView.h */ = {isa = PBXFileReference; fileEncoding = 4; lastKnownFileType = sourcecode.c.h; name = GameModeSelectionView.h; path = Views/GameModeSelectionView.h; sourceTree = "<group>"; };
		AEFB78EC1B81916E005DEE30 /* GameModeSelectionView.m */ = {isa = PBXFileReference; fileEncoding = 4; lastKnownFileType = sourcecode.c.objc; name = GameModeSelectionView.m; path = Views/GameModeSelectionView.m; sourceTree = "<group>"; };
		AEFB78F21B829072005DEE30 /* continueGame.png */ = {isa = PBXFileReference; lastKnownFileType = image.png; path = continueGame.png; sourceTree = "<group>"; };
		AEFB78F31B829072005DEE30 /* normalGame.png */ = {isa = PBXFileReference; lastKnownFileType = image.png; path = normalGame.png; sourceTree = "<group>"; };
		D6CD3BC6EB4860751C1445E0 /* Pods.debug.xcconfig */ = {isa = PBXFileReference; includeInIndex = 1; lastKnownFileType = text.xcconfig; name = Pods.debug.xcconfig; path = "Pods/Target Support Files/Pods/Pods.debug.xcconfig"; sourceTree = "<group>"; };
		FE5163FF0427C40D0D0FC969 /* Pods.release.xcconfig */ = {isa = PBXFileReference; includeInIndex = 1; lastKnownFileType = text.xcconfig; name = Pods.release.xcconfig; path = "Pods/Target Support Files/Pods/Pods.release.xcconfig"; sourceTree = "<group>"; };
/* End PBXFileReference section */

/* Begin PBXFrameworksBuildPhase section */
		AE2630781B6EA58000A566AE /* Frameworks */ = {
			isa = PBXFrameworksBuildPhase;
			buildActionMask = 2147483647;
			files = (
				AE1C6A5B1B7FE4D50064E71C /* SystemConfiguration.framework in Frameworks */,
				AE1C6A571B7FE4C30064E71C /* MessageUI.framework in Frameworks */,
				AE1C6A551B7FE4BD0064E71C /* EventKitUI.framework in Frameworks */,
				AE1C6A531B7FE4B60064E71C /* EventKit.framework in Frameworks */,
				AE1C6A511B7FE4AD0064E71C /* CoreTelephony.framework in Frameworks */,
				AE1C6A4F1B7FE4A50064E71C /* CoreMedia.framework in Frameworks */,
				AE1C6A4D1B7FE49D0064E71C /* CoreGraphics.framework in Frameworks */,
				AE1C6A4B1B7FE4960064E71C /* AVFoundation.framework in Frameworks */,
				AE1C6A491B7FE48E0064E71C /* AudioToolbox.framework in Frameworks */,
				AE1C6A471B7FE4870064E71C /* AdSupport.framework in Frameworks */,
				AE6758771B77C28100F5A93C /* QuartzCore.framework in Frameworks */,
				AE6758751B77C25A00F5A93C /* UIKit.framework in Frameworks */,
				AE6758731B77C24F00F5A93C /* Foundation.framework in Frameworks */,
				215550EBC1647E8DE4F792BB /* libPods.a in Frameworks */,
			);
			runOnlyForDeploymentPostprocessing = 0;
		};
		AE2630911B6EA58000A566AE /* Frameworks */ = {
			isa = PBXFrameworksBuildPhase;
			buildActionMask = 2147483647;
			files = (
			);
			runOnlyForDeploymentPostprocessing = 0;
		};
/* End PBXFrameworksBuildPhase section */

/* Begin PBXGroup section */
		6E1917FA78D175219BF57EAC /* Frameworks */ = {
			isa = PBXGroup;
			children = (
				AE1C6A5A1B7FE4D50064E71C /* SystemConfiguration.framework */,
				AE1C6A561B7FE4C30064E71C /* MessageUI.framework */,
				AE1C6A541B7FE4BD0064E71C /* EventKitUI.framework */,
				AE1C6A521B7FE4B60064E71C /* EventKit.framework */,
				AE1C6A501B7FE4AD0064E71C /* CoreTelephony.framework */,
				AE1C6A4E1B7FE4A50064E71C /* CoreMedia.framework */,
				AE1C6A4C1B7FE49D0064E71C /* CoreGraphics.framework */,
				AE1C6A4A1B7FE4960064E71C /* AVFoundation.framework */,
				AE1C6A481B7FE48E0064E71C /* AudioToolbox.framework */,
				AE1C6A461B7FE4870064E71C /* AdSupport.framework */,
				AEF27D6F1B7D0A1800A4AD5B /* iAd.framework */,
				AE6758761B77C28100F5A93C /* QuartzCore.framework */,
				AE6758741B77C25A00F5A93C /* UIKit.framework */,
				AE6758721B77C24F00F5A93C /* Foundation.framework */,
				9E8ECBE8B2E3D81B32599EE4 /* libPods.a */,
			);
			name = Frameworks;
			sourceTree = "<group>";
		};
		AE21E6EC1B7ABA95006F4CB6 /* Chart */ = {
			isa = PBXGroup;
			children = (
				AE4AC8A51B7B2842000D541D /* RWBarChartView.h */,
				AE4AC8A61B7B2842000D541D /* RWBarChartView.m */,
			);
			name = Chart;
			sourceTree = "<group>";
		};
		AE2630721B6EA58000A566AE = {
			isa = PBXGroup;
			children = (
				AE26307D1B6EA58000A566AE /* NumberMe */,
				AE2630971B6EA58000A566AE /* NumberMeTests */,
				AE26307C1B6EA58000A566AE /* Products */,
				C8C3897A91AE30033EF5E5AE /* Pods */,
				6E1917FA78D175219BF57EAC /* Frameworks */,
			);
			sourceTree = "<group>";
		};
		AE26307C1B6EA58000A566AE /* Products */ = {
			isa = PBXGroup;
			children = (
				AE26307B1B6EA58000A566AE /* NumberMe.app */,
				AE2630941B6EA58000A566AE /* NumberMeTests.xctest */,
			);
			name = Products;
			sourceTree = "<group>";
		};
		AE26307D1B6EA58000A566AE /* NumberMe */ = {
			isa = PBXGroup;
			children = (
				AE7E74B91B74688B003E9341 /* Vendor */,
				AE3E41071B6EC280001E26FE /* Model */,
				AEFB78EA1B81910B005DEE30 /* View */,
				AE3E41061B6EC1B9001E26FE /* VCs */,
				AE2630821B6EA58000A566AE /* AppDelegate.h */,
				AE2630831B6EA58000A566AE /* AppDelegate.m */,
				AE26308B1B6EA58000A566AE /* Images.xcassets */,
				AE26307E1B6EA58000A566AE /* Supporting Files */,
			);
			path = NumberMe;
			sourceTree = "<group>";
		};
		AE26307E1B6EA58000A566AE /* Supporting Files */ = {
			isa = PBXGroup;
			children = (
				AE3E41131B6F2BA7001E26FE /* NumberMe-Prefix.pch */,
				AE3E41121B6F2B06001E26FE /* CommonDefine.h */,
				AE3E41081B6EC28E001E26FE /* Images */,
				AE26307F1B6EA58000A566AE /* Info.plist */,
				AE2630801B6EA58000A566AE /* main.m */,
				AEF8FA981B7C458800607CB3 /* Localizable.strings */,
			);
			name = "Supporting Files";
			sourceTree = "<group>";
		};
		AE2630971B6EA58000A566AE /* NumberMeTests */ = {
			isa = PBXGroup;
			children = (
				AE26309A1B6EA58000A566AE /* NumberMeTests.m */,
				AE2630981B6EA58000A566AE /* Supporting Files */,
			);
			path = NumberMeTests;
			sourceTree = "<group>";
		};
		AE2630981B6EA58000A566AE /* Supporting Files */ = {
			isa = PBXGroup;
			children = (
				AE2630991B6EA58000A566AE /* Info.plist */,
			);
			name = "Supporting Files";
			sourceTree = "<group>";
		};
		AE3E41061B6EC1B9001E26FE /* VCs */ = {
			isa = PBXGroup;
			children = (
				AE21E6E71B7AAB1D006F4CB6 /* RecordViewController.h */,
				AE21E6E81B7AAB1D006F4CB6 /* RecordViewController.m */,
				AE21E6E91B7AAB1D006F4CB6 /* RecordViewController.xib */,
				AE6758781B7813F400F5A93C /* AlertViewController.h */,
				AE6758791B7813F400F5A93C /* AlertViewController.m */,
				AE67587A1B7813F400F5A93C /* AlertViewController.xib */,
				AE3E410D1B6ECFD0001E26FE /* GameViewController.h */,
				AE3E410E1B6ECFD0001E26FE /* GameViewController.m */,
				AE3E410F1B6ECFD0001E26FE /* GameViewController.xib */,
				AE3E41011B6EC19D001E26FE /* WelcomeViewController.h */,
				AE3E41021B6EC19D001E26FE /* WelcomeViewController.m */,
				AE4C1E701B7C679E00AC1FBF /* WelcomeViewController.xib */,
				AE9D11891B8570B800A36953 /* SettingViewController.h */,
				AE9D118A1B8570B800A36953 /* SettingViewController.m */,
				AE9D118B1B8570B800A36953 /* SettingViewController.xib */,
			);
			name = VCs;
			sourceTree = "<group>";
		};
		AE3E41071B6EC280001E26FE /* Model */ = {
			isa = PBXGroup;
			children = (
				AE8E228F1B76AE7E00A298DE /* guessGame.h */,
				AE8E22901B76AE7E00A298DE /* guessGame.m */,
			);
			name = Model;
			sourceTree = "<group>";
		};
		AE3E41081B6EC28E001E26FE /* Images */ = {
			isa = PBXGroup;
			children = (
				AEFB78F21B829072005DEE30 /* continueGame.png */,
				AE4247961B86F2A50027D9F4 /* recordBG.png */,
				AEFB78F31B829072005DEE30 /* normalGame.png */,
				AE90F8891B7DAEE10039F75E /* icon.png */,
				AE6E62BC1B7958DC00E0E4E2 /* AlertBG.png */,
				AE21E6E51B79C229006F4CB6 /* welcome.png */,
				AE21E6F01B7ABF0D006F4CB6 /* GameBG.png */,
			);
			name = Images;
			sourceTree = "<group>";
		};
		AE7E74B91B74688B003E9341 /* Vendor */ = {
			isa = PBXGroup;
			children = (
				AEAF5AAB1B88335300D295A8 /* PieChart */,
				AEAE96741B8799BB00F6089C /* ActionSheet */,
				AE21E6EC1B7ABA95006F4CB6 /* Chart */,
				AE8E227F1B756B6B00A298DE /* AnimateLabel */,
				AE8E227E1B756B6100A298DE /* AnimateNumber */,
			);
			name = Vendor;
			sourceTree = "<group>";
		};
		AE8E227E1B756B6100A298DE /* AnimateNumber */ = {
			isa = PBXGroup;
			children = (
				AE7E74BA1B746896003E9341 /* JTNumberScrollAnimatedView.h */,
				AE7E74BB1B746896003E9341 /* JTNumberScrollAnimatedView.m */,
			);
			name = AnimateNumber;
			sourceTree = "<group>";
		};
		AE8E227F1B756B6B00A298DE /* AnimateLabel */ = {
			isa = PBXGroup;
			children = (
				AE8E22801B756B7E00A298DE /* YETICharacterLabel.h */,
				AE8E22811B756B7E00A298DE /* YETICharacterLabel.m */,
				AE8E22831B756B8600A298DE /* YETIFadeLabel.h */,
				AE8E22841B756B8600A298DE /* YETIFadeLabel.m */,
				AE8E22861B756B8D00A298DE /* YETIFallingLabel.h */,
				AE8E22871B756B8D00A298DE /* YETIFallingLabel.m */,
				AE8E22891B756B9500A298DE /* YETILayerAnimation.h */,
				AE8E228A1B756B9500A298DE /* YETILayerAnimation.m */,
				AE8E228C1B756B9B00A298DE /* YETIMotionLabel.h */,
				AE8E228D1B756B9B00A298DE /* YETIMotionLabel.m */,
			);
			name = AnimateLabel;
			sourceTree = "<group>";
		};
		AEAE96741B8799BB00F6089C /* ActionSheet */ = {
			isa = PBXGroup;
			children = (
				AEEA937E1B87A3FC0004265F /* DOPScrollableActionSheet.h */,
				AEEA937F1B87A3FC0004265F /* DOPScrollableActionSheet.m */,
			);
			name = ActionSheet;
			sourceTree = "<group>";
		};
		AEAF5AAB1B88335300D295A8 /* PieChart */ = {
			isa = PBXGroup;
			children = (
				AEAF5ABB1B88340000D295A8 /* NuweDefine.h */,
				AEAF5AAC1B88336100D295A8 /* NUDialChart.h */,
				AEAF5AAD1B88336100D295A8 /* NUDialChart.m */,
				AEAF5AAE1B88336100D295A8 /* UICountingLabel.h */,
				AEAF5AAF1B88336100D295A8 /* UICountingLabel.m */,
				AEAF5AB01B88336100D295A8 /* XMCircleTypeView.h */,
				AEAF5AB11B88336100D295A8 /* XMCircleTypeView.m */,
				AEAF5AB51B8833D400D295A8 /* PNCircleChart.h */,
				AEAF5AB61B8833D400D295A8 /* PNCircleChart.m */,
				AEAF5AB81B8833E500D295A8 /* PNColor.h */,
				AEAF5AB91B8833E500D295A8 /* PNColor.m */,
			);
			name = PieChart;
			sourceTree = "<group>";
		};
		AEFB78EA1B81910B005DEE30 /* View */ = {
			isa = PBXGroup;
			children = (
				AEFB78EB1B81916E005DEE30 /* GameModeSelectionView.h */,
				AEFB78EC1B81916E005DEE30 /* GameModeSelectionView.m */,
			);
			name = View;
			sourceTree = "<group>";
		};
		C8C3897A91AE30033EF5E5AE /* Pods */ = {
			isa = PBXGroup;
			children = (
				D6CD3BC6EB4860751C1445E0 /* Pods.debug.xcconfig */,
				FE5163FF0427C40D0D0FC969 /* Pods.release.xcconfig */,
			);
			name = Pods;
			sourceTree = "<group>";
		};
/* End PBXGroup section */

/* Begin PBXNativeTarget section */
		AE26307A1B6EA58000A566AE /* NumberMe */ = {
			isa = PBXNativeTarget;
			buildConfigurationList = AE26309E1B6EA58000A566AE /* Build configuration list for PBXNativeTarget "NumberMe" */;
			buildPhases = (
				0D8B4ACC8567F85AB34F3F97 /* Check Pods Manifest.lock */,
				AE2630771B6EA58000A566AE /* Sources */,
				AE2630781B6EA58000A566AE /* Frameworks */,
				AE2630791B6EA58000A566AE /* Resources */,
				423E7073ACBC3F08A3361B2B /* Copy Pods Resources */,
			);
			buildRules = (
			);
			dependencies = (
			);
			name = NumberMe;
			productName = NumberMe;
			productReference = AE26307B1B6EA58000A566AE /* NumberMe.app */;
			productType = "com.apple.product-type.application";
		};
		AE2630931B6EA58000A566AE /* NumberMeTests */ = {
			isa = PBXNativeTarget;
			buildConfigurationList = AE2630A11B6EA58000A566AE /* Build configuration list for PBXNativeTarget "NumberMeTests" */;
			buildPhases = (
				AE2630901B6EA58000A566AE /* Sources */,
				AE2630911B6EA58000A566AE /* Frameworks */,
				AE2630921B6EA58000A566AE /* Resources */,
			);
			buildRules = (
			);
			dependencies = (
				AE2630961B6EA58000A566AE /* PBXTargetDependency */,
			);
			name = NumberMeTests;
			productName = NumberMeTests;
			productReference = AE2630941B6EA58000A566AE /* NumberMeTests.xctest */;
			productType = "com.apple.product-type.bundle.unit-test";
		};
/* End PBXNativeTarget section */

/* Begin PBXProject section */
		AE2630731B6EA58000A566AE /* Project object */ = {
			isa = PBXProject;
			attributes = {
				LastUpgradeCheck = 0700;
				ORGANIZATIONNAME = "Liu Zhe";
				TargetAttributes = {
					AE26307A1B6EA58000A566AE = {
						CreatedOnToolsVersion = 6.4;
						DevelopmentTeam = AQNTGEWRNX;
						SystemCapabilities = {
							com.apple.InAppPurchase = {
								enabled = 0;
							};
						};
					};
					AE2630931B6EA58000A566AE = {
						CreatedOnToolsVersion = 6.4;
						DevelopmentTeam = AQNTGEWRNX;
						TestTargetID = AE26307A1B6EA58000A566AE;
					};
				};
			};
			buildConfigurationList = AE2630761B6EA58000A566AE /* Build configuration list for PBXProject "NumberMe" */;
			compatibilityVersion = "Xcode 3.2";
			developmentRegion = English;
			hasScannedForEncodings = 0;
			knownRegions = (
				en,
				Base,
				"zh-Hans",
			);
			mainGroup = AE2630721B6EA58000A566AE;
			productRefGroup = AE26307C1B6EA58000A566AE /* Products */;
			projectDirPath = "";
			projectRoot = "";
			targets = (
				AE26307A1B6EA58000A566AE /* NumberMe */,
				AE2630931B6EA58000A566AE /* NumberMeTests */,
			);
		};
/* End PBXProject section */

/* Begin PBXResourcesBuildPhase section */
		AE2630791B6EA58000A566AE /* Resources */ = {
			isa = PBXResourcesBuildPhase;
			buildActionMask = 2147483647;
			files = (
				AE21E6EB1B7AAB1D006F4CB6 /* RecordViewController.xib in Resources */,
				AEFB78F51B829072005DEE30 /* normalGame.png in Resources */,
				AEF8FA961B7C458800607CB3 /* Localizable.strings in Resources */,
				AE21E6E61B79C229006F4CB6 /* welcome.png in Resources */,
				AE26308C1B6EA58000A566AE /* Images.xcassets in Resources */,
				AEFB78F41B829072005DEE30 /* continueGame.png in Resources */,
				AE3E41111B6ECFD0001E26FE /* GameViewController.xib in Resources */,
				AE9D118D1B8570B800A36953 /* SettingViewController.xib in Resources */,
				AE21E6F11B7ABF0D006F4CB6 /* GameBG.png in Resources */,
				AE4247971B86F2A50027D9F4 /* recordBG.png in Resources */,
				AE90F88A1B7DAEE10039F75E /* icon.png in Resources */,
				AE4C1E711B7C679E00AC1FBF /* WelcomeViewController.xib in Resources */,
				AE67587C1B7813F400F5A93C /* AlertViewController.xib in Resources */,
				AE6E62BD1B7958DC00E0E4E2 /* AlertBG.png in Resources */,
			);
			runOnlyForDeploymentPostprocessing = 0;
		};
		AE2630921B6EA58000A566AE /* Resources */ = {
			isa = PBXResourcesBuildPhase;
			buildActionMask = 2147483647;
			files = (
			);
			runOnlyForDeploymentPostprocessing = 0;
		};
/* End PBXResourcesBuildPhase section */

/* Begin PBXShellScriptBuildPhase section */
		0D8B4ACC8567F85AB34F3F97 /* Check Pods Manifest.lock */ = {
			isa = PBXShellScriptBuildPhase;
			buildActionMask = 2147483647;
			files = (
			);
			inputPaths = (
			);
			name = "Check Pods Manifest.lock";
			outputPaths = (
			);
			runOnlyForDeploymentPostprocessing = 0;
			shellPath = /bin/sh;
			shellScript = "diff \"${PODS_ROOT}/../Podfile.lock\" \"${PODS_ROOT}/Manifest.lock\" > /dev/null\nif [[ $? != 0 ]] ; then\n    cat << EOM\nerror: The sandbox is not in sync with the Podfile.lock. Run 'pod install' or update your CocoaPods installation.\nEOM\n    exit 1\nfi\n";
			showEnvVarsInLog = 0;
		};
		423E7073ACBC3F08A3361B2B /* Copy Pods Resources */ = {
			isa = PBXShellScriptBuildPhase;
			buildActionMask = 2147483647;
			files = (
			);
			inputPaths = (
			);
			name = "Copy Pods Resources";
			outputPaths = (
			);
			runOnlyForDeploymentPostprocessing = 0;
			shellPath = /bin/sh;
			shellScript = "\"${SRCROOT}/Pods/Target Support Files/Pods/Pods-resources.sh\"\n";
			showEnvVarsInLog = 0;
		};
/* End PBXShellScriptBuildPhase section */

/* Begin PBXSourcesBuildPhase section */
		AE2630771B6EA58000A566AE /* Sources */ = {
			isa = PBXSourcesBuildPhase;
			buildActionMask = 2147483647;
			files = (
				AE8E228B1B756B9500A298DE /* YETILayerAnimation.m in Sources */,
				AEAF5AB41B88336100D295A8 /* XMCircleTypeView.m in Sources */,
				AEAF5AB21B88336100D295A8 /* NUDialChart.m in Sources */,
				AE8E22851B756B8600A298DE /* YETIFadeLabel.m in Sources */,
				AE9D118C1B8570B800A36953 /* SettingViewController.m in Sources */,
				AE3E41101B6ECFD0001E26FE /* GameViewController.m in Sources */,
				AE2630841B6EA58000A566AE /* AppDelegate.m in Sources */,
				AE21E6EA1B7AAB1D006F4CB6 /* RecordViewController.m in Sources */,
				AEAF5AB31B88336100D295A8 /* UICountingLabel.m in Sources */,
				AE3E41041B6EC19D001E26FE /* WelcomeViewController.m in Sources */,
				AE8E228E1B756B9B00A298DE /* YETIMotionLabel.m in Sources */,
				AEAF5ABA1B8833E500D295A8 /* PNColor.m in Sources */,
				AE8E22911B76AE7E00A298DE /* guessGame.m in Sources */,
				AE4AC8A71B7B2842000D541D /* RWBarChartView.m in Sources */,
				AEAF5AB71B8833D400D295A8 /* PNCircleChart.m in Sources */,
				AE7E74BC1B746896003E9341 /* JTNumberScrollAnimatedView.m in Sources */,
				AE8E22881B756B8D00A298DE /* YETIFallingLabel.m in Sources */,
				AE2630811B6EA58000A566AE /* main.m in Sources */,
				AEEA93801B87A3FC0004265F /* DOPScrollableActionSheet.m in Sources */,
				AE8E22821B756B7E00A298DE /* YETICharacterLabel.m in Sources */,
				AEFB78ED1B81916E005DEE30 /* GameModeSelectionView.m in Sources */,
				AE67587B1B7813F400F5A93C /* AlertViewController.m in Sources */,
			);
			runOnlyForDeploymentPostprocessing = 0;
		};
		AE2630901B6EA58000A566AE /* Sources */ = {
			isa = PBXSourcesBuildPhase;
			buildActionMask = 2147483647;
			files = (
				AE26309B1B6EA58000A566AE /* NumberMeTests.m in Sources */,
			);
			runOnlyForDeploymentPostprocessing = 0;
		};
/* End PBXSourcesBuildPhase section */

/* Begin PBXTargetDependency section */
		AE2630961B6EA58000A566AE /* PBXTargetDependency */ = {
			isa = PBXTargetDependency;
			target = AE26307A1B6EA58000A566AE /* NumberMe */;
			targetProxy = AE2630951B6EA58000A566AE /* PBXContainerItemProxy */;
		};
/* End PBXTargetDependency section */

/* Begin PBXVariantGroup section */
		AEF8FA981B7C458800607CB3 /* Localizable.strings */ = {
			isa = PBXVariantGroup;
			children = (
				AEF8FA971B7C458800607CB3 /* en */,
				AEF8FA991B7C458C00607CB3 /* zh-Hans */,
			);
			name = Localizable.strings;
			sourceTree = "<group>";
		};
/* End PBXVariantGroup section */

/* Begin XCBuildConfiguration section */
		AE26309C1B6EA58000A566AE /* Debug */ = {
			isa = XCBuildConfiguration;
			buildSettings = {
				ALWAYS_SEARCH_USER_PATHS = NO;
				CLANG_CXX_LANGUAGE_STANDARD = "gnu++0x";
				CLANG_CXX_LIBRARY = "libc++";
				CLANG_ENABLE_MODULES = YES;
				CLANG_ENABLE_OBJC_ARC = YES;
				CLANG_WARN_BOOL_CONVERSION = YES;
				CLANG_WARN_CONSTANT_CONVERSION = YES;
				CLANG_WARN_DIRECT_OBJC_ISA_USAGE = YES_ERROR;
				CLANG_WARN_EMPTY_BODY = YES;
				CLANG_WARN_ENUM_CONVERSION = YES;
				CLANG_WARN_INT_CONVERSION = YES;
				CLANG_WARN_OBJC_ROOT_CLASS = YES_ERROR;
				CLANG_WARN_UNREACHABLE_CODE = YES;
				CLANG_WARN__DUPLICATE_METHOD_MATCH = YES;
				CODE_SIGN_IDENTITY = "iPhone Developer: Zhe Liu (ZQYU957QTV)";
				"CODE_SIGN_IDENTITY[sdk=iphoneos*]" = "iPhone Distribution: Zhe Liu (AQNTGEWRNX)";
				COPY_PHASE_STRIP = NO;
				DEBUG_INFORMATION_FORMAT = "dwarf-with-dsym";
				ENABLE_STRICT_OBJC_MSGSEND = YES;
				ENABLE_TESTABILITY = YES;
				GCC_C_LANGUAGE_STANDARD = gnu99;
				GCC_DYNAMIC_NO_PIC = NO;
				GCC_NO_COMMON_BLOCKS = YES;
				GCC_OPTIMIZATION_LEVEL = 0;
				GCC_PREPROCESSOR_DEFINITIONS = (
					"DEBUG=1",
					"$(inherited)",
				);
				GCC_SYMBOLS_PRIVATE_EXTERN = NO;
				GCC_WARN_64_TO_32_BIT_CONVERSION = YES;
				GCC_WARN_ABOUT_RETURN_TYPE = YES_ERROR;
				GCC_WARN_UNDECLARED_SELECTOR = YES;
				GCC_WARN_UNINITIALIZED_AUTOS = YES_AGGRESSIVE;
				GCC_WARN_UNUSED_FUNCTION = YES;
				GCC_WARN_UNUSED_VARIABLE = YES;
				IPHONEOS_DEPLOYMENT_TARGET = 8.4;
				MTL_ENABLE_DEBUG_INFO = YES;
				ONLY_ACTIVE_ARCH = YES;
				PROVISIONING_PROFILE = "34d28abe-8012-4a34-91ae-bf95a5ac6e14";
				SDKROOT = iphoneos;
			};
			name = Debug;
		};
		AE26309D1B6EA58000A566AE /* Release */ = {
			isa = XCBuildConfiguration;
			buildSettings = {
				ALWAYS_SEARCH_USER_PATHS = NO;
				CLANG_CXX_LANGUAGE_STANDARD = "gnu++0x";
				CLANG_CXX_LIBRARY = "libc++";
				CLANG_ENABLE_MODULES = YES;
				CLANG_ENABLE_OBJC_ARC = YES;
				CLANG_WARN_BOOL_CONVERSION = YES;
				CLANG_WARN_CONSTANT_CONVERSION = YES;
				CLANG_WARN_DIRECT_OBJC_ISA_USAGE = YES_ERROR;
				CLANG_WARN_EMPTY_BODY = YES;
				CLANG_WARN_ENUM_CONVERSION = YES;
				CLANG_WARN_INT_CONVERSION = YES;
				CLANG_WARN_OBJC_ROOT_CLASS = YES_ERROR;
				CLANG_WARN_UNREACHABLE_CODE = YES;
				CLANG_WARN__DUPLICATE_METHOD_MATCH = YES;
				CODE_SIGN_IDENTITY = "iPhone Developer: Zhe Liu (ZQYU957QTV)";
				"CODE_SIGN_IDENTITY[sdk=iphoneos*]" = "iPhone Distribution: Zhe Liu (AQNTGEWRNX)";
				COPY_PHASE_STRIP = NO;
				DEBUG_INFORMATION_FORMAT = "dwarf-with-dsym";
				ENABLE_NS_ASSERTIONS = NO;
				ENABLE_STRICT_OBJC_MSGSEND = YES;
				GCC_C_LANGUAGE_STANDARD = gnu99;
				GCC_NO_COMMON_BLOCKS = YES;
				GCC_WARN_64_TO_32_BIT_CONVERSION = YES;
				GCC_WARN_ABOUT_RETURN_TYPE = YES_ERROR;
				GCC_WARN_UNDECLARED_SELECTOR = YES;
				GCC_WARN_UNINITIALIZED_AUTOS = YES_AGGRESSIVE;
				GCC_WARN_UNUSED_FUNCTION = YES;
				GCC_WARN_UNUSED_VARIABLE = YES;
				IPHONEOS_DEPLOYMENT_TARGET = 8.4;
				MTL_ENABLE_DEBUG_INFO = NO;
				PROVISIONING_PROFILE = "011cd5a0-7adc-4663-94b0-4ee7e656df9a";
				SDKROOT = iphoneos;
				VALIDATE_PRODUCT = YES;
			};
			name = Release;
		};
		AE26309F1B6EA58000A566AE /* Debug */ = {
			isa = XCBuildConfiguration;
			baseConfigurationReference = D6CD3BC6EB4860751C1445E0 /* Pods.debug.xcconfig */;
			buildSettings = {
				ASSETCATALOG_COMPILER_APPICON_NAME = AppIcon;
				ASSETCATALOG_COMPILER_LAUNCHIMAGE_NAME = LaunchImage;
				CODE_SIGN_IDENTITY = "iPhone Developer: Zhe Liu (ZQYU957QTV)";
				GCC_PRECOMPILE_PREFIX_HEADER = YES;
				GCC_PREFIX_HEADER = "NumberMe-Prefix.pch";
				INFOPLIST_FILE = NumberMe/Info.plist;
				IPHONEOS_DEPLOYMENT_TARGET = 7.0;
				LD_RUNPATH_SEARCH_PATHS = "$(inherited) @executable_path/Frameworks";
				PRODUCT_BUNDLE_IDENTIFIER = "ZL.$(PRODUCT_NAME:rfc1034identifier)";
				PRODUCT_NAME = "$(TARGET_NAME)";
				PROVISIONING_PROFILE = "34d28abe-8012-4a34-91ae-bf95a5ac6e14";
			};
			name = Debug;
		};
		AE2630A01B6EA58000A566AE /* Release */ = {
			isa = XCBuildConfiguration;
			baseConfigurationReference = FE5163FF0427C40D0D0FC969 /* Pods.release.xcconfig */;
			buildSettings = {
				ASSETCATALOG_COMPILER_APPICON_NAME = AppIcon;
				ASSETCATALOG_COMPILER_LAUNCHIMAGE_NAME = LaunchImage;
				CODE_SIGN_IDENTITY = "iPhone Distribution: Zhe Liu (AQNTGEWRNX)";
				GCC_PRECOMPILE_PREFIX_HEADER = YES;
				GCC_PREFIX_HEADER = "NumberMe-Prefix.pch";
				INFOPLIST_FILE = NumberMe/Info.plist;
				IPHONEOS_DEPLOYMENT_TARGET = 7.0;
				LD_RUNPATH_SEARCH_PATHS = "$(inherited) @executable_path/Frameworks";
				PRODUCT_BUNDLE_IDENTIFIER = "ZL.$(PRODUCT_NAME:rfc1034identifier)";
				PRODUCT_NAME = "$(TARGET_NAME)";
				PROVISIONING_PROFILE = "011cd5a0-7adc-4663-94b0-4ee7e656df9a";
			};
			name = Release;
		};
		AE2630A21B6EA58000A566AE /* Debug */ = {
			isa = XCBuildConfiguration;
			buildSettings = {
				BUNDLE_LOADER = "$(TEST_HOST)";
				CODE_SIGN_IDENTITY = "iPhone Developer";
				"CODE_SIGN_IDENTITY[sdk=iphoneos*]" = "iPhone Developer";
				FRAMEWORK_SEARCH_PATHS = (
					"$(SDKROOT)/Developer/Library/Frameworks",
					"$(inherited)",
				);
				GCC_PREPROCESSOR_DEFINITIONS = (
					"DEBUG=1",
					"$(inherited)",
				);
				INFOPLIST_FILE = NumberMeTests/Info.plist;
				LD_RUNPATH_SEARCH_PATHS = "$(inherited) @executable_path/Frameworks @loader_path/Frameworks";
				PRODUCT_BUNDLE_IDENTIFIER = "ZL.$(PRODUCT_NAME:rfc1034identifier)";
				PRODUCT_NAME = "$(TARGET_NAME)";
				PROVISIONING_PROFILE = "";
				TEST_HOST = "$(BUILT_PRODUCTS_DIR)/NumberMe.app/NumberMe";
			};
			name = Debug;
		};
		AE2630A31B6EA58000A566AE /* Release */ = {
			isa = XCBuildConfiguration;
			buildSettings = {
				BUNDLE_LOADER = "$(TEST_HOST)";
				CODE_SIGN_IDENTITY = "iPhone Developer";
				"CODE_SIGN_IDENTITY[sdk=iphoneos*]" = "iPhone Developer";
				FRAMEWORK_SEARCH_PATHS = (
					"$(SDKROOT)/Developer/Library/Frameworks",
					"$(inherited)",
				);
				INFOPLIST_FILE = NumberMeTests/Info.plist;
				LD_RUNPATH_SEARCH_PATHS = "$(inherited) @executable_path/Frameworks @loader_path/Frameworks";
				PRODUCT_BUNDLE_IDENTIFIER = "ZL.$(PRODUCT_NAME:rfc1034identifier)";
				PRODUCT_NAME = "$(TARGET_NAME)";
				PROVISIONING_PROFILE = "";
				TEST_HOST = "$(BUILT_PRODUCTS_DIR)/NumberMe.app/NumberMe";
			};
			name = Release;
		};
/* End XCBuildConfiguration section */

/* Begin XCConfigurationList section */
		AE2630761B6EA58000A566AE /* Build configuration list for PBXProject "NumberMe" */ = {
			isa = XCConfigurationList;
			buildConfigurations = (
				AE26309C1B6EA58000A566AE /* Debug */,
				AE26309D1B6EA58000A566AE /* Release */,
			);
			defaultConfigurationIsVisible = 0;
			defaultConfigurationName = Release;
		};
		AE26309E1B6EA58000A566AE /* Build configuration list for PBXNativeTarget "NumberMe" */ = {
			isa = XCConfigurationList;
			buildConfigurations = (
				AE26309F1B6EA58000A566AE /* Debug */,
				AE2630A01B6EA58000A566AE /* Release */,
			);
			defaultConfigurationIsVisible = 0;
			defaultConfigurationName = Release;
		};
		AE2630A11B6EA58000A566AE /* Build configuration list for PBXNativeTarget "NumberMeTests" */ = {
			isa = XCConfigurationList;
			buildConfigurations = (
				AE2630A21B6EA58000A566AE /* Debug */,
				AE2630A31B6EA58000A566AE /* Release */,
			);
			defaultConfigurationIsVisible = 0;
			defaultConfigurationName = Release;
		};
/* End XCConfigurationList section */
	};
	rootObject = AE2630731B6EA58000A566AE /* Project object */;
}
