PODS:
  - ARTransitionAnimator (0.1)
  - CircleProgressBar (0.21)
  - EGOCache (2.1.3)
  - FXBlurView (1.6.4)
  - GTScrollNavigationBar (0.2)
  - HUMSlider (1.1.0)
  - JGProgressHUD (1.3)
  - JSKTimerView (0.4.1)
  - MZTimerLabel (0.5.4)
  - OpenShare (0.0.1)
  - RJBlurAlertView (0.0.2)
  - RWBlurPopover (3.1.0)
  - SCViewShaker (1.0.2)
  - Shimmer (1.0.2)
  - UAAppReviewManager (0.2.6)
  - VCTransitionsLibrary (1.5.0)

DEPENDENCIES:
  - ARTransitionAnimator (from `https://github.com/AugustRush/ARTransitionAnimator.git`)
  - CircleProgressBar (~> 0.21)
  - EGOCache (~> 2.1.3)
  - FXBlurView (~> 1.6.4)
  - GTScrollNavigationBar (~> 0.2)
  - HUMSlider (~> 1.1.0)
  - JGProgressHUD (~> 1.3)
  - JSKTimerView (~> 0.4.1)
  - MZTimerLabel (~> 0.5.4)
  - OpenShare (~> 0.0.1)
  - RJBlurAlertView (~> 0.0.2)
  - RWBlurPopover (~> 3.1.0)
  - SCViewShaker (~> 1.0.2)
  - Shimmer (~> 1.0.2)
  - UAAppReviewManager (~> 0.2.6)
  - VCTransitionsLibrary (~> 1.5.0)

EXTERNAL SOURCES:
  ARTransitionAnimator:
    :git: https://github.com/AugustRush/ARTransitionAnimator.git

CHECKOUT OPTIONS:
  ARTransitionAnimator:
    :commit: 7d711961fdbdab999ec8bf0882323cdf397f3624
    :git: https://github.com/AugustRush/ARTransitionAnimator.git

SPEC CHECKSUMS:
  ARTransitionAnimator: ebe30054c9e745fa5dfdb6d1e2720d6a059ad4fe
  CircleProgressBar: 4ce12ddcdc5673cc9f0fb83f6ec7b2a53ecb28df
  EGOCache: f0295dbe041156acabd39021354ad1045ee49e72
  FXBlurView: db786c2561cb49a09ae98407f52460096ab8a44f
  GTScrollNavigationBar: eea90e88744d13444d918824ea3d671ee0aeb292
  HUMSlider: 02b165c6be569b2cf87626fcc371a7420425efcf
  JGProgressHUD: a58f62d3afac173d201250c3ba628fe44bd67017
  JSKTimerView: 6e773cc20f87e3af98b9fe242492f38055f55cc8
  MZTimerLabel: cd9bfb9304540ef2a9e163384fca9c978f0dbf83
  OpenShare: a560580dbb729d5c0c3cc1ee84cd6aa4a07e94c6
  RJBlurAlertView: 71403840618e30a5a37560148dc55f3d190cb383
  RWBlurPopover: dc7d91ee0dc8cbc79d6bbebed26c4f688f1661f8
  SCViewShaker: ebd2937cc5ac1de808164bcb5be2a23c8a6e7ab6
  Shimmer: c5374be1c2b0c9e292fb05b339a513cf291cac86
  UAAppReviewManager: 334bdb0085c3f80c7b696f33edc53667eda548e6
  VCTransitionsLibrary: d61fd9b7b6721942f0d583bcc0e7f8c31ec9271b

COCOAPODS: 0.38.2
